
Microsoft Visual Studio Solution File, Format Version 12.00
# Visual Studio Version 17
VisualStudioVersion = 17.5.33516.290
MinimumVisualStudioVersion = 10.0.40219.1
Project("{FAE04EC0-301F-11D3-BF4B-00C04F79EFBC}") = "Vagtsystem.Server", "Vagtsystem\Server\Vagtsystem.Server.csproj", "{5F41AB41-CF06-4430-9313-7B9FD7DE9D6F}"
EndProject
Project("{FAE04EC0-301F-11D3-BF4B-00C04F79EFBC}") = "Vagtsystem.Client", "Vagtsystem\Client\Vagtsystem.Client.csproj", "{F82E99E4-F3AD-4B39-8ADC-58C6D3BEF84A}"
EndProject
Project("{FAE04EC0-301F-11D3-BF4B-00C04F79EFBC}") = "Vagtsystem.Shared", "Vagtsystem\Shared\Vagtsystem.Shared.csproj", "{B6148791-0E15-4F5C-9102-D63F67F66548}"
EndProject
Project("{2150E333-8FDC-42A3-9474-1A3956D46DE8}") = "Solution Items", "Solution Items", "{2ED43532-C834-418D-8904-704FA21EB1D6}"
	ProjectSection(SolutionItems) = preProject
		app.config = app.config
	EndProjectSection
EndProject
Global
	GlobalSection(SolutionConfigurationPlatforms) = preSolution
		Debug|Any CPU = Debug|Any CPU
		Release|Any CPU = Release|Any CPU
	EndGlobalSection
	GlobalSection(ProjectConfigurationPlatforms) = postSolution
		{5F41AB41-CF06-4430-9313-7B9FD7DE9D6F}.Debug|Any CPU.ActiveCfg = Debug|Any CPU
		{5F41AB41-CF06-4430-9313-7B9FD7DE9D6F}.Debug|Any CPU.Build.0 = Debug|Any CPU
		{5F41AB41-CF06-4430-9313-7B9FD7DE9D6F}.Release|Any CPU.ActiveCfg = Release|Any CPU
		{5F41AB41-CF06-4430-9313-7B9FD7DE9D6F}.Release|Any CPU.Build.0 = Release|Any CPU
		{F82E99E4-F3AD-4B39-8ADC-58C6D3BEF84A}.Debug|Any CPU.ActiveCfg = Debug|Any CPU
		{F82E99E4-F3AD-4B39-8ADC-58C6D3BEF84A}.Debug|Any CPU.Build.0 = Debug|Any CPU
		{F82E99E4-F3AD-4B39-8ADC-58C6D3BEF84A}.Release|Any CPU.ActiveCfg = Release|Any CPU
		{F82E99E4-F3AD-4B39-8ADC-58C6D3BEF84A}.Release|Any CPU.Build.0 = Release|Any CPU
		{B6148791-0E15-4F5C-9102-D63F67F66548}.Debug|Any CPU.ActiveCfg = Debug|Any CPU
		{B6148791-0E15-4F5C-9102-D63F67F66548}.Debug|Any CPU.Build.0 = Debug|Any CPU
		{B6148791-0E15-4F5C-9102-D63F67F66548}.Release|Any CPU.ActiveCfg = Release|Any CPU
		{B6148791-0E15-4F5C-9102-D63F67F66548}.Release|Any CPU.Build.0 = Release|Any CPU
	EndGlobalSection
	GlobalSection(SolutionProperties) = preSolution
		HideSolutionNode = FALSE
	EndGlobalSection
	GlobalSection(ExtensibilityGlobals) = postSolution
		SolutionGuid = {BF7FA281-A32C-4467-A07B-1A4CAFB597F5}
	EndGlobalSection
EndGlobal
